// !$*UTF8*$!
{
	archiveVersion = 1;
	classes = {
	};
	objectVersion = 56;
	objects = {

/* Begin PBXBuildFile section */
		300DAFE3293B63A000287535 /* FriendsTableViewController.swift in Sources */ = {isa = PBXBuildFile; fileRef = 300DAFE2293B63A000287535 /* FriendsTableViewController.swift */; };
		300DAFE5293B657600287535 /* FriendTableCell.swift in Sources */ = {isa = PBXBuildFile; fileRef = 300DAFE4293B657600287535 /* FriendTableCell.swift */; };
		300DAFE7293B675400287535 /* Friend.swift in Sources */ = {isa = PBXBuildFile; fileRef = 300DAFE6293B675400287535 /* Friend.swift */; };
		300DAFE9293B83D900287535 /* FriendCollectionViewController.swift in Sources */ = {isa = PBXBuildFile; fileRef = 300DAFE8293B83D900287535 /* FriendCollectionViewController.swift */; };
		300DAFEB293B84D700287535 /* FriendCollectionCell.swift in Sources */ = {isa = PBXBuildFile; fileRef = 300DAFEA293B84D700287535 /* FriendCollectionCell.swift */; };
		308BAF2B2944CECA006BDF0F /* AvatarView.swift in Sources */ = {isa = PBXBuildFile; fileRef = 308BAF2A2944CECA006BDF0F /* AvatarView.swift */; };
		308BAF2F2944F747006BDF0F /* LikeControl.swift in Sources */ = {isa = PBXBuildFile; fileRef = 308BAF2E2944F747006BDF0F /* LikeControl.swift */; };
		30926E60293BAFE700E17EF3 /* MyGroupTableViewController.swift in Sources */ = {isa = PBXBuildFile; fileRef = 30926E5F293BAFE700E17EF3 /* MyGroupTableViewController.swift */; };
		30926E62293BAFF800E17EF3 /* NewGroupTableViewController.swift in Sources */ = {isa = PBXBuildFile; fileRef = 30926E61293BAFF800E17EF3 /* NewGroupTableViewController.swift */; };
		30926E64293BB79B00E17EF3 /* NewGroupCell.swift in Sources */ = {isa = PBXBuildFile; fileRef = 30926E63293BB79B00E17EF3 /* NewGroupCell.swift */; };
		30926E68293BB84600E17EF3 /* MyGroupCell.swift in Sources */ = {isa = PBXBuildFile; fileRef = 30926E67293BB84600E17EF3 /* MyGroupCell.swift */; };
		3093A09D2937E91800178491 /* UIViewController + Extension.swift in Sources */ = {isa = PBXBuildFile; fileRef = 3093A09C2937E91800178491 /* UIViewController + Extension.swift */; };
		30C489ED295B19E800AB93C9 /* FriendGroupXIBCell.swift in Sources */ = {isa = PBXBuildFile; fileRef = 30C489EB295B19E800AB93C9 /* FriendGroupXIBCell.swift */; };
		30C489EE295B19E800AB93C9 /* FriendGroupXIBCell.xib in Resources */ = {isa = PBXBuildFile; fileRef = 30C489EC295B19E800AB93C9 /* FriendGroupXIBCell.xib */; };
		30DCD3FF29479A2E00BA68FE /* GradientView.swift in Sources */ = {isa = PBXBuildFile; fileRef = 30DCD3FE29479A2E00BA68FE /* GradientView.swift */; };
		30F4A8A92930E9BE00BCC532 /* AppDelegate.swift in Sources */ = {isa = PBXBuildFile; fileRef = 30F4A8A82930E9BE00BCC532 /* AppDelegate.swift */; };
		30F4A8AB2930E9BE00BCC532 /* SceneDelegate.swift in Sources */ = {isa = PBXBuildFile; fileRef = 30F4A8AA2930E9BE00BCC532 /* SceneDelegate.swift */; };
		30F4A8AD2930E9BE00BCC532 /* LoginViewController.swift in Sources */ = {isa = PBXBuildFile; fileRef = 30F4A8AC2930E9BE00BCC532 /* LoginViewController.swift */; };
		30F4A8B02930E9BE00BCC532 /* Main.storyboard in Resources */ = {isa = PBXBuildFile; fileRef = 30F4A8AE2930E9BE00BCC532 /* Main.storyboard */; };
		30F4A8B22930E9C000BCC532 /* Assets.xcassets in Resources */ = {isa = PBXBuildFile; fileRef = 30F4A8B12930E9C000BCC532 /* Assets.xcassets */; };
		30F4A8B52930E9C000BCC532 /* LaunchScreen.storyboard in Resources */ = {isa = PBXBuildFile; fileRef = 30F4A8B32930E9C000BCC532 /* LaunchScreen.storyboard */; };
		30F4A8C02930E9C000BCC532 /* VK_ClientTests.swift in Sources */ = {isa = PBXBuildFile; fileRef = 30F4A8BF2930E9C000BCC532 /* VK_ClientTests.swift */; };
		30F4A8CA2930E9C000BCC532 /* VK_ClientUITests.swift in Sources */ = {isa = PBXBuildFile; fileRef = 30F4A8C92930E9C000BCC532 /* VK_ClientUITests.swift */; };
		30F4A8CC2930E9C000BCC532 /* VK_ClientUITestsLaunchTests.swift in Sources */ = {isa = PBXBuildFile; fileRef = 30F4A8CB2930E9C000BCC532 /* VK_ClientUITestsLaunchTests.swift */; };
/* End PBXBuildFile section */

/* Begin PBXContainerItemProxy section */
		30F4A8BC2930E9C000BCC532 /* PBXContainerItemProxy */ = {
			isa = PBXContainerItemProxy;
			containerPortal = 30F4A89D2930E9BE00BCC532 /* Project object */;
			proxyType = 1;
			remoteGlobalIDString = 30F4A8A42930E9BE00BCC532;
			remoteInfo = "VK-Client";
		};
		30F4A8C62930E9C000BCC532 /* PBXContainerItemProxy */ = {
			isa = PBXContainerItemProxy;
			containerPortal = 30F4A89D2930E9BE00BCC532 /* Project object */;
			proxyType = 1;
			remoteGlobalIDString = 30F4A8A42930E9BE00BCC532;
			remoteInfo = "VK-Client";
		};
/* End PBXContainerItemProxy section */

/* Begin PBXFileReference section */
		300DAFE2293B63A000287535 /* FriendsTableViewController.swift */ = {isa = PBXFileReference; lastKnownFileType = sourcecode.swift; path = FriendsTableViewController.swift; sourceTree = "<group>"; };
		300DAFE4293B657600287535 /* FriendTableCell.swift */ = {isa = PBXFileReference; lastKnownFileType = sourcecode.swift; path = FriendTableCell.swift; sourceTree = "<group>"; };
		300DAFE6293B675400287535 /* Friend.swift */ = {isa = PBXFileReference; lastKnownFileType = sourcecode.swift; path = Friend.swift; sourceTree = "<group>"; };
		300DAFE8293B83D900287535 /* FriendCollectionViewController.swift */ = {isa = PBXFileReference; lastKnownFileType = sourcecode.swift; path = FriendCollectionViewController.swift; sourceTree = "<group>"; };
		300DAFEA293B84D700287535 /* FriendCollectionCell.swift */ = {isa = PBXFileReference; lastKnownFileType = sourcecode.swift; path = FriendCollectionCell.swift; sourceTree = "<group>"; };
		308BAF2A2944CECA006BDF0F /* AvatarView.swift */ = {isa = PBXFileReference; lastKnownFileType = sourcecode.swift; path = AvatarView.swift; sourceTree = "<group>"; };
		308BAF2E2944F747006BDF0F /* LikeControl.swift */ = {isa = PBXFileReference; lastKnownFileType = sourcecode.swift; path = LikeControl.swift; sourceTree = "<group>"; };
		30926E5F293BAFE700E17EF3 /* MyGroupTableViewController.swift */ = {isa = PBXFileReference; lastKnownFileType = sourcecode.swift; path = MyGroupTableViewController.swift; sourceTree = "<group>"; };
		30926E61293BAFF800E17EF3 /* NewGroupTableViewController.swift */ = {isa = PBXFileReference; lastKnownFileType = sourcecode.swift; path = NewGroupTableViewController.swift; sourceTree = "<group>"; };
		30926E63293BB79B00E17EF3 /* NewGroupCell.swift */ = {isa = PBXFileReference; lastKnownFileType = sourcecode.swift; path = NewGroupCell.swift; sourceTree = "<group>"; };
		30926E67293BB84600E17EF3 /* MyGroupCell.swift */ = {isa = PBXFileReference; lastKnownFileType = sourcecode.swift; path = MyGroupCell.swift; sourceTree = "<group>"; };
		3093A09C2937E91800178491 /* UIViewController + Extension.swift */ = {isa = PBXFileReference; lastKnownFileType = sourcecode.swift; path = "UIViewController + Extension.swift"; sourceTree = "<group>"; };
		30C489EB295B19E800AB93C9 /* FriendGroupXIBCell.swift */ = {isa = PBXFileReference; lastKnownFileType = sourcecode.swift; path = FriendGroupXIBCell.swift; sourceTree = "<group>"; };
		30C489EC295B19E800AB93C9 /* FriendGroupXIBCell.xib */ = {isa = PBXFileReference; lastKnownFileType = file.xib; path = FriendGroupXIBCell.xib; sourceTree = "<group>"; };
		30DCD3FE29479A2E00BA68FE /* GradientView.swift */ = {isa = PBXFileReference; lastKnownFileType = sourcecode.swift; path = GradientView.swift; sourceTree = "<group>"; };
		30F4A8A52930E9BE00BCC532 /* VK-Client.app */ = {isa = PBXFileReference; explicitFileType = wrapper.application; includeInIndex = 0; path = "VK-Client.app"; sourceTree = BUILT_PRODUCTS_DIR; };
		30F4A8A82930E9BE00BCC532 /* AppDelegate.swift */ = {isa = PBXFileReference; lastKnownFileType = sourcecode.swift; path = AppDelegate.swift; sourceTree = "<group>"; };
		30F4A8AA2930E9BE00BCC532 /* SceneDelegate.swift */ = {isa = PBXFileReference; lastKnownFileType = sourcecode.swift; path = SceneDelegate.swift; sourceTree = "<group>"; };
		30F4A8AC2930E9BE00BCC532 /* LoginViewController.swift */ = {isa = PBXFileReference; lastKnownFileType = sourcecode.swift; path = LoginViewController.swift; sourceTree = "<group>"; };
		30F4A8AF2930E9BE00BCC532 /* Base */ = {isa = PBXFileReference; lastKnownFileType = file.storyboard; name = Base; path = Base.lproj/Main.storyboard; sourceTree = "<group>"; };
		30F4A8B12930E9C000BCC532 /* Assets.xcassets */ = {isa = PBXFileReference; lastKnownFileType = folder.assetcatalog; path = Assets.xcassets; sourceTree = "<group>"; };
		30F4A8B42930E9C000BCC532 /* Base */ = {isa = PBXFileReference; lastKnownFileType = file.storyboard; name = Base; path = Base.lproj/LaunchScreen.storyboard; sourceTree = "<group>"; };
		30F4A8B62930E9C000BCC532 /* Info.plist */ = {isa = PBXFileReference; lastKnownFileType = text.plist.xml; path = Info.plist; sourceTree = "<group>"; };
		30F4A8BB2930E9C000BCC532 /* VK-ClientTests.xctest */ = {isa = PBXFileReference; explicitFileType = wrapper.cfbundle; includeInIndex = 0; path = "VK-ClientTests.xctest"; sourceTree = BUILT_PRODUCTS_DIR; };
		30F4A8BF2930E9C000BCC532 /* VK_ClientTests.swift */ = {isa = PBXFileReference; lastKnownFileType = sourcecode.swift; path = VK_ClientTests.swift; sourceTree = "<group>"; };
		30F4A8C52930E9C000BCC532 /* VK-ClientUITests.xctest */ = {isa = PBXFileReference; explicitFileType = wrapper.cfbundle; includeInIndex = 0; path = "VK-ClientUITests.xctest"; sourceTree = BUILT_PRODUCTS_DIR; };
		30F4A8C92930E9C000BCC532 /* VK_ClientUITests.swift */ = {isa = PBXFileReference; lastKnownFileType = sourcecode.swift; path = VK_ClientUITests.swift; sourceTree = "<group>"; };
		30F4A8CB2930E9C000BCC532 /* VK_ClientUITestsLaunchTests.swift */ = {isa = PBXFileReference; lastKnownFileType = sourcecode.swift; path = VK_ClientUITestsLaunchTests.swift; sourceTree = "<group>"; };
/* End PBXFileReference section */

/* Begin PBXFrameworksBuildPhase section */
		30F4A8A22930E9BE00BCC532 /* Frameworks */ = {
			isa = PBXFrameworksBuildPhase;
			buildActionMask = 2147483647;
			files = (
			);
			runOnlyForDeploymentPostprocessing = 0;
		};
		30F4A8B82930E9C000BCC532 /* Frameworks */ = {
			isa = PBXFrameworksBuildPhase;
			buildActionMask = 2147483647;
			files = (
			);
			runOnlyForDeploymentPostprocessing = 0;
		};
		30F4A8C22930E9C000BCC532 /* Frameworks */ = {
			isa = PBXFrameworksBuildPhase;
			buildActionMask = 2147483647;
			files = (
			);
			runOnlyForDeploymentPostprocessing = 0;
		};
/* End PBXFrameworksBuildPhase section */

/* Begin PBXGroup section */
		300DAFEC293B893800287535 /* Resourse */ = {
			isa = PBXGroup;
			children = (
				30F4A8A82930E9BE00BCC532 /* AppDelegate.swift */,
				30F4A8AA2930E9BE00BCC532 /* SceneDelegate.swift */,
				30F4A8B12930E9C000BCC532 /* Assets.xcassets */,
				30F4A8B32930E9C000BCC532 /* LaunchScreen.storyboard */,
			);
			path = Resourse;
			sourceTree = "<group>";
		};
		300DAFED293B896400287535 /* Controllers */ = {
			isa = PBXGroup;
			children = (
				300DAFE2293B63A000287535 /* FriendsTableViewController.swift */,
				30F4A8AC2930E9BE00BCC532 /* LoginViewController.swift */,
				300DAFE8293B83D900287535 /* FriendCollectionViewController.swift */,
				30926E5F293BAFE700E17EF3 /* MyGroupTableViewController.swift */,
				30926E61293BAFF800E17EF3 /* NewGroupTableViewController.swift */,
				308BAF2E2944F747006BDF0F /* LikeControl.swift */,
			);
			path = Controllers;
			sourceTree = "<group>";
		};
		300DAFEE293B897500287535 /* Helper */ = {
			isa = PBXGroup;
			children = (
				3093A09C2937E91800178491 /* UIViewController + Extension.swift */,
			);
			path = Helper;
			sourceTree = "<group>";
		};
		300DAFEF293B898400287535 /* View */ = {
			isa = PBXGroup;
			children = (
				300DAFE4293B657600287535 /* FriendTableCell.swift */,
				300DAFEA293B84D700287535 /* FriendCollectionCell.swift */,
				30926E63293BB79B00E17EF3 /* NewGroupCell.swift */,
				30926E67293BB84600E17EF3 /* MyGroupCell.swift */,
				308BAF2A2944CECA006BDF0F /* AvatarView.swift */,
				30DCD3FE29479A2E00BA68FE /* GradientView.swift */,
			);
			path = View;
			sourceTree = "<group>";
		};
		300DAFF0293B899D00287535 /* Model */ = {
			isa = PBXGroup;
			children = (
				300DAFE6293B675400287535 /* Friend.swift */,
			);
			path = Model;
			sourceTree = "<group>";
		};
		30C489EA295B199200AB93C9 /* XIBCell */ = {
			isa = PBXGroup;
			children = (
				30C489EB295B19E800AB93C9 /* FriendGroupXIBCell.swift */,
				30C489EC295B19E800AB93C9 /* FriendGroupXIBCell.xib */,
			);
			path = XIBCell;
			sourceTree = "<group>";
		};
		30F4A89C2930E9BE00BCC532 = {
			isa = PBXGroup;
			children = (
				30F4A8A72930E9BE00BCC532 /* VK-Client */,
				30F4A8B62930E9C000BCC532 /* Info.plist */,
				30F4A8BE2930E9C000BCC532 /* VK-ClientTests */,
				30F4A8C82930E9C000BCC532 /* VK-ClientUITests */,
				30F4A8A62930E9BE00BCC532 /* Products */,
			);
			sourceTree = "<group>";
		};
		30F4A8A62930E9BE00BCC532 /* Products */ = {
			isa = PBXGroup;
			children = (
				30F4A8A52930E9BE00BCC532 /* VK-Client.app */,
				30F4A8BB2930E9C000BCC532 /* VK-ClientTests.xctest */,
				30F4A8C52930E9C000BCC532 /* VK-ClientUITests.xctest */,
			);
			name = Products;
			sourceTree = "<group>";
		};
		30F4A8A72930E9BE00BCC532 /* VK-Client */ = {
			isa = PBXGroup;
			children = (
				30F4A8AE2930E9BE00BCC532 /* Main.storyboard */,
				30C489EA295B199200AB93C9 /* XIBCell */,
				300DAFEC293B893800287535 /* Resourse */,
				300DAFED293B896400287535 /* Controllers */,
				300DAFEE293B897500287535 /* Helper */,
				300DAFEF293B898400287535 /* View */,
				300DAFF0293B899D00287535 /* Model */,
			);
			path = "VK-Client";
			sourceTree = "<group>";
		};
		30F4A8BE2930E9C000BCC532 /* VK-ClientTests */ = {
			isa = PBXGroup;
			children = (
				30F4A8BF2930E9C000BCC532 /* VK_ClientTests.swift */,
			);
			path = "VK-ClientTests";
			sourceTree = "<group>";
		};
		30F4A8C82930E9C000BCC532 /* VK-ClientUITests */ = {
			isa = PBXGroup;
			children = (
				30F4A8C92930E9C000BCC532 /* VK_ClientUITests.swift */,
				30F4A8CB2930E9C000BCC532 /* VK_ClientUITestsLaunchTests.swift */,
			);
			path = "VK-ClientUITests";
			sourceTree = "<group>";
		};
/* End PBXGroup section */

/* Begin PBXNativeTarget section */
		30F4A8A42930E9BE00BCC532 /* VK-Client */ = {
			isa = PBXNativeTarget;
			buildConfigurationList = 30F4A8CF2930E9C000BCC532 /* Build configuration list for PBXNativeTarget "VK-Client" */;
			buildPhases = (
				30F4A8A12930E9BE00BCC532 /* Sources */,
				30F4A8A22930E9BE00BCC532 /* Frameworks */,
				30F4A8A32930E9BE00BCC532 /* Resources */,
			);
			buildRules = (
			);
			dependencies = (
			);
			name = "VK-Client";
			productName = "VK-Client";
			productReference = 30F4A8A52930E9BE00BCC532 /* VK-Client.app */;
			productType = "com.apple.product-type.application";
		};
		30F4A8BA2930E9C000BCC532 /* VK-ClientTests */ = {
			isa = PBXNativeTarget;
			buildConfigurationList = 30F4A8D22930E9C000BCC532 /* Build configuration list for PBXNativeTarget "VK-ClientTests" */;
			buildPhases = (
				30F4A8B72930E9C000BCC532 /* Sources */,
				30F4A8B82930E9C000BCC532 /* Frameworks */,
				30F4A8B92930E9C000BCC532 /* Resources */,
			);
			buildRules = (
			);
			dependencies = (
				30F4A8BD2930E9C000BCC532 /* PBXTargetDependency */,
			);
			name = "VK-ClientTests";
			productName = "VK-ClientTests";
			productReference = 30F4A8BB2930E9C000BCC532 /* VK-ClientTests.xctest */;
			productType = "com.apple.product-type.bundle.unit-test";
		};
		30F4A8C42930E9C000BCC532 /* VK-ClientUITests */ = {
			isa = PBXNativeTarget;
			buildConfigurationList = 30F4A8D52930E9C000BCC532 /* Build configuration list for PBXNativeTarget "VK-ClientUITests" */;
			buildPhases = (
				30F4A8C12930E9C000BCC532 /* Sources */,
				30F4A8C22930E9C000BCC532 /* Frameworks */,
				30F4A8C32930E9C000BCC532 /* Resources */,
			);
			buildRules = (
			);
			dependencies = (
				30F4A8C72930E9C000BCC532 /* PBXTargetDependency */,
			);
			name = "VK-ClientUITests";
			productName = "VK-ClientUITests";
			productReference = 30F4A8C52930E9C000BCC532 /* VK-ClientUITests.xctest */;
			productType = "com.apple.product-type.bundle.ui-testing";
		};
/* End PBXNativeTarget section */

/* Begin PBXProject section */
		30F4A89D2930E9BE00BCC532 /* Project object */ = {
			isa = PBXProject;
			attributes = {
				BuildIndependentTargetsInParallel = 1;
				LastSwiftUpdateCheck = 1410;
				LastUpgradeCheck = 1410;
				TargetAttributes = {
					30F4A8A42930E9BE00BCC532 = {
						CreatedOnToolsVersion = 14.1;
					};
					30F4A8BA2930E9C000BCC532 = {
						CreatedOnToolsVersion = 14.1;
						TestTargetID = 30F4A8A42930E9BE00BCC532;
					};
					30F4A8C42930E9C000BCC532 = {
						CreatedOnToolsVersion = 14.1;
						TestTargetID = 30F4A8A42930E9BE00BCC532;
					};
				};
			};
			buildConfigurationList = 30F4A8A02930E9BE00BCC532 /* Build configuration list for PBXProject "VK-Client" */;
			compatibilityVersion = "Xcode 14.0";
			developmentRegion = en;
			hasScannedForEncodings = 0;
			knownRegions = (
				en,
				Base,
			);
			mainGroup = 30F4A89C2930E9BE00BCC532;
			productRefGroup = 30F4A8A62930E9BE00BCC532 /* Products */;
			projectDirPath = "";
			projectRoot = "";
			targets = (
				30F4A8A42930E9BE00BCC532 /* VK-Client */,
				30F4A8BA2930E9C000BCC532 /* VK-ClientTests */,
				30F4A8C42930E9C000BCC532 /* VK-ClientUITests */,
			);
		};
/* End PBXProject section */

/* Begin PBXResourcesBuildPhase section */
		30F4A8A32930E9BE00BCC532 /* Resources */ = {
			isa = PBXResourcesBuildPhase;
			buildActionMask = 2147483647;
			files = (
				30F4A8B52930E9C000BCC532 /* LaunchScreen.storyboard in Resources */,
				30F4A8B22930E9C000BCC532 /* Assets.xcassets in Resources */,
				30F4A8B02930E9BE00BCC532 /* Main.storyboard in Resources */,
				30C489EE295B19E800AB93C9 /* FriendGroupXIBCell.xib in Resources */,
			);
			runOnlyForDeploymentPostprocessing = 0;
		};
		30F4A8B92930E9C000BCC532 /* Resources */ = {
			isa = PBXResourcesBuildPhase;
			buildActionMask = 2147483647;
			files = (
			);
			runOnlyForDeploymentPostprocessing = 0;
		};
		30F4A8C32930E9C000BCC532 /* Resources */ = {
			isa = PBXResourcesBuildPhase;
			buildActionMask = 2147483647;
			files = (
			);
			runOnlyForDeploymentPostprocessing = 0;
		};
/* End PBXResourcesBuildPhase section */

/* Begin PBXSourcesBuildPhase section */
		30F4A8A12930E9BE00BCC532 /* Sources */ = {
			isa = PBXSourcesBuildPhase;
			buildActionMask = 2147483647;
			files = (
				30926E64293BB79B00E17EF3 /* NewGroupCell.swift in Sources */,
				30C489ED295B19E800AB93C9 /* FriendGroupXIBCell.swift in Sources */,
				30F4A8AD2930E9BE00BCC532 /* LoginViewController.swift in Sources */,
				30926E68293BB84600E17EF3 /* MyGroupCell.swift in Sources */,
				300DAFE7293B675400287535 /* Friend.swift in Sources */,
				300DAFE9293B83D900287535 /* FriendCollectionViewController.swift in Sources */,
				30926E62293BAFF800E17EF3 /* NewGroupTableViewController.swift in Sources */,
				30DCD3FF29479A2E00BA68FE /* GradientView.swift in Sources */,
				30F4A8A92930E9BE00BCC532 /* AppDelegate.swift in Sources */,
				308BAF2F2944F747006BDF0F /* LikeControl.swift in Sources */,
				3093A09D2937E91800178491 /* UIViewController + Extension.swift in Sources */,
				300DAFEB293B84D700287535 /* FriendCollectionCell.swift in Sources */,
				308BAF2B2944CECA006BDF0F /* AvatarView.swift in Sources */,
				30926E60293BAFE700E17EF3 /* MyGroupTableViewController.swift in Sources */,
				300DAFE5293B657600287535 /* FriendTableCell.swift in Sources */,
				30F4A8AB2930E9BE00BCC532 /* SceneDelegate.swift in Sources */,
				300DAFE3293B63A000287535 /* FriendsTableViewController.swift in Sources */,
			);
			runOnlyForDeploymentPostprocessing = 0;
		};
		30F4A8B72930E9C000BCC532 /* Sources */ = {
			isa = PBXSourcesBuildPhase;
			buildActionMask = 2147483647;
			files = (
				30F4A8C02930E9C000BCC532 /* VK_ClientTests.swift in Sources */,
			);
			runOnlyForDeploymentPostprocessing = 0;
		};
		30F4A8C12930E9C000BCC532 /* Sources */ = {
			isa = PBXSourcesBuildPhase;
			buildActionMask = 2147483647;
			files = (
				30F4A8CC2930E9C000BCC532 /* VK_ClientUITestsLaunchTests.swift in Sources */,
				30F4A8CA2930E9C000BCC532 /* VK_ClientUITests.swift in Sources */,
			);
			runOnlyForDeploymentPostprocessing = 0;
		};
/* End PBXSourcesBuildPhase section */

/* Begin PBXTargetDependency section */
		30F4A8BD2930E9C000BCC532 /* PBXTargetDependency */ = {
			isa = PBXTargetDependency;
			target = 30F4A8A42930E9BE00BCC532 /* VK-Client */;
			targetProxy = 30F4A8BC2930E9C000BCC532 /* PBXContainerItemProxy */;
		};
		30F4A8C72930E9C000BCC532 /* PBXTargetDependency */ = {
			isa = PBXTargetDependency;
			target = 30F4A8A42930E9BE00BCC532 /* VK-Client */;
			targetProxy = 30F4A8C62930E9C000BCC532 /* PBXContainerItemProxy */;
		};
/* End PBXTargetDependency section */

/* Begin PBXVariantGroup section */
		30F4A8AE2930E9BE00BCC532 /* Main.storyboard */ = {
			isa = PBXVariantGroup;
			children = (
				30F4A8AF2930E9BE00BCC532 /* Base */,
			);
			name = Main.storyboard;
			sourceTree = "<group>";
		};
		30F4A8B32930E9C000BCC532 /* LaunchScreen.storyboard */ = {
			isa = PBXVariantGroup;
			children = (
				30F4A8B42930E9C000BCC532 /* Base */,
			);
			name = LaunchScreen.storyboard;
			sourceTree = "<group>";
		};
/* End PBXVariantGroup section */

/* Begin XCBuildConfiguration section */
		30F4A8CD2930E9C000BCC532 /* Debug */ = {
			isa = XCBuildConfiguration;
			buildSettings = {
				ALWAYS_SEARCH_USER_PATHS = NO;
				CLANG_ANALYZER_NONNULL = YES;
				CLANG_ANALYZER_NUMBER_OBJECT_CONVERSION = YES_AGGRESSIVE;
				CLANG_CXX_LANGUAGE_STANDARD = "gnu++20";
				CLANG_ENABLE_MODULES = YES;
				CLANG_ENABLE_OBJC_ARC = YES;
				CLANG_ENABLE_OBJC_WEAK = YES;
				CLANG_WARN_BLOCK_CAPTURE_AUTORELEASING = YES;
				CLANG_WARN_BOOL_CONVERSION = YES;
				CLANG_WARN_COMMA = YES;
				CLANG_WARN_CONSTANT_CONVERSION = YES;
				CLANG_WARN_DEPRECATED_OBJC_IMPLEMENTATIONS = YES;
				CLANG_WARN_DIRECT_OBJC_ISA_USAGE = YES_ERROR;
				CLANG_WARN_DOCUMENTATION_COMMENTS = YES;
				CLANG_WARN_EMPTY_BODY = YES;
				CLANG_WARN_ENUM_CONVERSION = YES;
				CLANG_WARN_INFINITE_RECURSION = YES;
				CLANG_WARN_INT_CONVERSION = YES;
				CLANG_WARN_NON_LITERAL_NULL_CONVERSION = YES;
				CLANG_WARN_OBJC_IMPLICIT_RETAIN_SELF = YES;
				CLANG_WARN_OBJC_LITERAL_CONVERSION = YES;
				CLANG_WARN_OBJC_ROOT_CLASS = YES_ERROR;
				CLANG_WARN_QUOTED_INCLUDE_IN_FRAMEWORK_HEADER = YES;
				CLANG_WARN_RANGE_LOOP_ANALYSIS = YES;
				CLANG_WARN_STRICT_PROTOTYPES = YES;
				CLANG_WARN_SUSPICIOUS_MOVE = YES;
				CLANG_WARN_UNGUARDED_AVAILABILITY = YES_AGGRESSIVE;
				CLANG_WARN_UNREACHABLE_CODE = YES;
				CLANG_WARN__DUPLICATE_METHOD_MATCH = YES;
				COPY_PHASE_STRIP = NO;
				DEBUG_INFORMATION_FORMAT = dwarf;
				ENABLE_STRICT_OBJC_MSGSEND = YES;
				ENABLE_TESTABILITY = YES;
				GCC_C_LANGUAGE_STANDARD = gnu11;
				GCC_DYNAMIC_NO_PIC = NO;
				GCC_NO_COMMON_BLOCKS = YES;
				GCC_OPTIMIZATION_LEVEL = 0;
				GCC_PREPROCESSOR_DEFINITIONS = (
					"DEBUG=1",
					"$(inherited)",
				);
				GCC_WARN_64_TO_32_BIT_CONVERSION = YES;
				GCC_WARN_ABOUT_RETURN_TYPE = YES_ERROR;
				GCC_WARN_UNDECLARED_SELECTOR = YES;
				GCC_WARN_UNINITIALIZED_AUTOS = YES_AGGRESSIVE;
				GCC_WARN_UNUSED_FUNCTION = YES;
				GCC_WARN_UNUSED_VARIABLE = YES;
				IPHONEOS_DEPLOYMENT_TARGET = 16.1;
				MTL_ENABLE_DEBUG_INFO = INCLUDE_SOURCE;
				MTL_FAST_MATH = YES;
				ONLY_ACTIVE_ARCH = YES;
				SDKROOT = iphoneos;
				SWIFT_ACTIVE_COMPILATION_CONDITIONS = DEBUG;
				SWIFT_OPTIMIZATION_LEVEL = "-Onone";
			};
			name = Debug;
		};
		30F4A8CE2930E9C000BCC532 /* Release */ = {
			isa = XCBuildConfiguration;
			buildSettings = {
				ALWAYS_SEARCH_USER_PATHS = NO;
				CLANG_ANALYZER_NONNULL = YES;
				CLANG_ANALYZER_NUMBER_OBJECT_CONVERSION = YES_AGGRESSIVE;
				CLANG_CXX_LANGUAGE_STANDARD = "gnu++20";
				CLANG_ENABLE_MODULES = YES;
				CLANG_ENABLE_OBJC_ARC = YES;
				CLANG_ENABLE_OBJC_WEAK = YES;
				CLANG_WARN_BLOCK_CAPTURE_AUTORELEASING = YES;
				CLANG_WARN_BOOL_CONVERSION = YES;
				CLANG_WARN_COMMA = YES;
				CLANG_WARN_CONSTANT_CONVERSION = YES;
				CLANG_WARN_DEPRECATED_OBJC_IMPLEMENTATIONS = YES;
				CLANG_WARN_DIRECT_OBJC_ISA_USAGE = YES_ERROR;
				CLANG_WARN_DOCUMENTATION_COMMENTS = YES;
				CLANG_WARN_EMPTY_BODY = YES;
				CLANG_WARN_ENUM_CONVERSION = YES;
				CLANG_WARN_INFINITE_RECURSION = YES;
				CLANG_WARN_INT_CONVERSION = YES;
				CLANG_WARN_NON_LITERAL_NULL_CONVERSION = YES;
				CLANG_WARN_OBJC_IMPLICIT_RETAIN_SELF = YES;
				CLANG_WARN_OBJC_LITERAL_CONVERSION = YES;
				CLANG_WARN_OBJC_ROOT_CLASS = YES_ERROR;
				CLANG_WARN_QUOTED_INCLUDE_IN_FRAMEWORK_HEADER = YES;
				CLANG_WARN_RANGE_LOOP_ANALYSIS = YES;
				CLANG_WARN_STRICT_PROTOTYPES = YES;
				CLANG_WARN_SUSPICIOUS_MOVE = YES;
				CLANG_WARN_UNGUARDED_AVAILABILITY = YES_AGGRESSIVE;
				CLANG_WARN_UNREACHABLE_CODE = YES;
				CLANG_WARN__DUPLICATE_METHOD_MATCH = YES;
				COPY_PHASE_STRIP = NO;
				DEBUG_INFORMATION_FORMAT = "dwarf-with-dsym";
				ENABLE_NS_ASSERTIONS = NO;
				ENABLE_STRICT_OBJC_MSGSEND = YES;
				GCC_C_LANGUAGE_STANDARD = gnu11;
				GCC_NO_COMMON_BLOCKS = YES;
				GCC_WARN_64_TO_32_BIT_CONVERSION = YES;
				GCC_WARN_ABOUT_RETURN_TYPE = YES_ERROR;
				GCC_WARN_UNDECLARED_SELECTOR = YES;
				GCC_WARN_UNINITIALIZED_AUTOS = YES_AGGRESSIVE;
				GCC_WARN_UNUSED_FUNCTION = YES;
				GCC_WARN_UNUSED_VARIABLE = YES;
				IPHONEOS_DEPLOYMENT_TARGET = 16.1;
				MTL_ENABLE_DEBUG_INFO = NO;
				MTL_FAST_MATH = YES;
				SDKROOT = iphoneos;
				SWIFT_COMPILATION_MODE = wholemodule;
				SWIFT_OPTIMIZATION_LEVEL = "-O";
				VALIDATE_PRODUCT = YES;
			};
			name = Release;
		};
		30F4A8D02930E9C000BCC532 /* Debug */ = {
			isa = XCBuildConfiguration;
			buildSettings = {
				ASSETCATALOG_COMPILER_APPICON_NAME = AppIcon;
				ASSETCATALOG_COMPILER_GLOBAL_ACCENT_COLOR_NAME = AccentColor;
				CODE_SIGN_STYLE = Automatic;
				CURRENT_PROJECT_VERSION = 1;
				GENERATE_INFOPLIST_FILE = YES;
				INFOPLIST_FILE = "VK-Client/Info.plist";
				INFOPLIST_KEY_UIApplicationSupportsIndirectInputEvents = YES;
				INFOPLIST_KEY_UILaunchStoryboardName = LaunchScreen;
				INFOPLIST_KEY_UIMainStoryboardFile = Main;
				INFOPLIST_KEY_UISupportedInterfaceOrientations_iPad = "UIInterfaceOrientationPortrait UIInterfaceOrientationPortraitUpsideDown UIInterfaceOrientationLandscapeLeft UIInterfaceOrientationLandscapeRight";
				INFOPLIST_KEY_UISupportedInterfaceOrientations_iPhone = "UIInterfaceOrientationPortrait UIInterfaceOrientationLandscapeLeft UIInterfaceOrientationLandscapeRight";
				LD_RUNPATH_SEARCH_PATHS = (
					"$(inherited)",
					"@executable_path/Frameworks",
				);
				MARKETING_VERSION = 1.0;
				PRODUCT_BUNDLE_IDENTIFIER = "iHromnik.VK-Client";
				PRODUCT_NAME = "$(TARGET_NAME)";
				SUPPORTED_PLATFORMS = "iphoneos iphonesimulator";
				SUPPORTS_MACCATALYST = NO;
				SUPPORTS_MAC_DESIGNED_FOR_IPHONE_IPAD = NO;
				SWIFT_EMIT_LOC_STRINGS = YES;
				SWIFT_VERSION = 5.0;
				TARGETED_DEVICE_FAMILY = "1,2";
			};
			name = Debug;
		};
		30F4A8D12930E9C000BCC532 /* Release */ = {
			isa = XCBuildConfiguration;
			buildSettings = {
				ASSETCATALOG_COMPILER_APPICON_NAME = AppIcon;
				ASSETCATALOG_COMPILER_GLOBAL_ACCENT_COLOR_NAME = AccentColor;
				CODE_SIGN_STYLE = Automatic;
				CURRENT_PROJECT_VERSION = 1;
				GENERATE_INFOPLIST_FILE = YES;
				INFOPLIST_FILE = "VK-Client/Info.plist";
				INFOPLIST_KEY_UIApplicationSupportsIndirectInputEvents = YES;
				INFOPLIST_KEY_UILaunchStoryboardName = LaunchScreen;
				INFOPLIST_KEY_UIMainStoryboardFile = Main;
				INFOPLIST_KEY_UISupportedInterfaceOrientations_iPad = "UIInterfaceOrientationPortrait UIInterfaceOrientationPortraitUpsideDown UIInterfaceOrientationLandscapeLeft UIInterfaceOrientationLandscapeRight";
				INFOPLIST_KEY_UISupportedInterfaceOrientations_iPhone = "UIInterfaceOrientationPortrait UIInterfaceOrientationLandscapeLeft UIInterfaceOrientationLandscapeRight";
				LD_RUNPATH_SEARCH_PATHS = (
					"$(inherited)",
					"@executable_path/Frameworks",
				);
				MARKETING_VERSION = 1.0;
				PRODUCT_BUNDLE_IDENTIFIER = "iHromnik.VK-Client";
				PRODUCT_NAME = "$(TARGET_NAME)";
				SUPPORTED_PLATFORMS = "iphoneos iphonesimulator";
				SUPPORTS_MACCATALYST = NO;
				SUPPORTS_MAC_DESIGNED_FOR_IPHONE_IPAD = NO;
				SWIFT_EMIT_LOC_STRINGS = YES;
				SWIFT_VERSION = 5.0;
				TARGETED_DEVICE_FAMILY = "1,2";
			};
			name = Release;
		};
		30F4A8D32930E9C000BCC532 /* Debug */ = {
			isa = XCBuildConfiguration;
			buildSettings = {
				ALWAYS_EMBED_SWIFT_STANDARD_LIBRARIES = YES;
				BUNDLE_LOADER = "$(TEST_HOST)";
				CODE_SIGN_STYLE = Automatic;
				CURRENT_PROJECT_VERSION = 1;
				GENERATE_INFOPLIST_FILE = YES;
				IPHONEOS_DEPLOYMENT_TARGET = 16.1;
				MARKETING_VERSION = 1.0;
				PRODUCT_BUNDLE_IDENTIFIER = "iHromnik.VK-ClientTests";
				PRODUCT_NAME = "$(TARGET_NAME)";
				SWIFT_EMIT_LOC_STRINGS = NO;
				SWIFT_VERSION = 5.0;
				TARGETED_DEVICE_FAMILY = "1,2";
				TEST_HOST = "$(BUILT_PRODUCTS_DIR)/VK-Client.app/$(BUNDLE_EXECUTABLE_FOLDER_PATH)/VK-Client";
			};
			name = Debug;
		};
		30F4A8D42930E9C000BCC532 /* Release */ = {
			isa = XCBuildConfiguration;
			buildSettings = {
				ALWAYS_EMBED_SWIFT_STANDARD_LIBRARIES = YES;
				BUNDLE_LOADER = "$(TEST_HOST)";
				CODE_SIGN_STYLE = Automatic;
				CURRENT_PROJECT_VERSION = 1;
				GENERATE_INFOPLIST_FILE = YES;
				IPHONEOS_DEPLOYMENT_TARGET = 16.1;
				MARKETING_VERSION = 1.0;
				PRODUCT_BUNDLE_IDENTIFIER = "iHromnik.VK-ClientTests";
				PRODUCT_NAME = "$(TARGET_NAME)";
				SWIFT_EMIT_LOC_STRINGS = NO;
				SWIFT_VERSION = 5.0;
				TARGETED_DEVICE_FAMILY = "1,2";
				TEST_HOST = "$(BUILT_PRODUCTS_DIR)/VK-Client.app/$(BUNDLE_EXECUTABLE_FOLDER_PATH)/VK-Client";
			};
			name = Release;
		};
		30F4A8D62930E9C000BCC532 /* Debug */ = {
			isa = XCBuildConfiguration;
			buildSettings = {
				ALWAYS_EMBED_SWIFT_STANDARD_LIBRARIES = YES;
				CODE_SIGN_STYLE = Automatic;
				CURRENT_PROJECT_VERSION = 1;
				GENERATE_INFOPLIST_FILE = YES;
				MARKETING_VERSION = 1.0;
				PRODUCT_BUNDLE_IDENTIFIER = "iHromnik.VK-ClientUITests";
				PRODUCT_NAME = "$(TARGET_NAME)";
				SWIFT_EMIT_LOC_STRINGS = NO;
				SWIFT_VERSION = 5.0;
				TARGETED_DEVICE_FAMILY = "1,2";
				TEST_TARGET_NAME = "VK-Client";
			};
			name = Debug;
		};
		30F4A8D72930E9C000BCC532 /* Release */ = {
			isa = XCBuildConfiguration;
			buildSettings = {
				ALWAYS_EMBED_SWIFT_STANDARD_LIBRARIES = YES;
				CODE_SIGN_STYLE = Automatic;
				CURRENT_PROJECT_VERSION = 1;
				GENERATE_INFOPLIST_FILE = YES;
				MARKETING_VERSION = 1.0;
				PRODUCT_BUNDLE_IDENTIFIER = "iHromnik.VK-ClientUITests";
				PRODUCT_NAME = "$(TARGET_NAME)";
				SWIFT_EMIT_LOC_STRINGS = NO;
				SWIFT_VERSION = 5.0;
				TARGETED_DEVICE_FAMILY = "1,2";
				TEST_TARGET_NAME = "VK-Client";
			};
			name = Release;
		};
/* End XCBuildConfiguration section */

/* Begin XCConfigurationList section */
		30F4A8A02930E9BE00BCC532 /* Build configuration list for PBXProject "VK-Client" */ = {
			isa = XCConfigurationList;
			buildConfigurations = (
				30F4A8CD2930E9C000BCC532 /* Debug */,
				30F4A8CE2930E9C000BCC532 /* Release */,
			);
			defaultConfigurationIsVisible = 0;
			defaultConfigurationName = Release;
		};
		30F4A8CF2930E9C000BCC532 /* Build configuration list for PBXNativeTarget "VK-Client" */ = {
			isa = XCConfigurationList;
			buildConfigurations = (
				30F4A8D02930E9C000BCC532 /* Debug */,
				30F4A8D12930E9C000BCC532 /* Release */,
			);
			defaultConfigurationIsVisible = 0;
			defaultConfigurationName = Release;
		};
		30F4A8D22930E9C000BCC532 /* Build configuration list for PBXNativeTarget "VK-ClientTests" */ = {
			isa = XCConfigurationList;
			buildConfigurations = (
				30F4A8D32930E9C000BCC532 /* Debug */,
				30F4A8D42930E9C000BCC532 /* Release */,
			);
			defaultConfigurationIsVisible = 0;
			defaultConfigurationName = Release;
		};
		30F4A8D52930E9C000BCC532 /* Build configuration list for PBXNativeTarget "VK-ClientUITests" */ = {
			isa = XCConfigurationList;
			buildConfigurations = (
				30F4A8D62930E9C000BCC532 /* Debug */,
				30F4A8D72930E9C000BCC532 /* Release */,
			);
			defaultConfigurationIsVisible = 0;
			defaultConfigurationName = Release;
		};
/* End XCConfigurationList section */
	};
	rootObject = 30F4A89D2930E9BE00BCC532 /* Project object */;
}
